github.com/docker/go-units v0.4.0 h1:3uh0PgVws3nIA0Q+MwDC8yjEPf9zjRfZZWXZYDct3Tw=
github.com/docker/go-units v0.4.0/go.mod h1:fgPhTUdO+D/Jk86RDLlptpiXQzgHJF7gydDDbaIK4Dk=
github.com/h2non/bimg v1.1.9 h1:WH20Nxko9l/HFm4kZCA3Phbgu2cbHvYzxwxn9YROEGg=
github.com/h2non/bimg v1.1.9/go.mod h1:R3+UiYwkK4rQl6KVFTOFJHitgLbZXBZNFh2cv3AEbp8=
github.com/mattn/go-sqlite3 v1.14.13 h1:1tj15ngiFfcZzii7yd82foL+ks+ouQcj8j/TPq3fk1I=
github.com/mattn/go-sqlite3 v1.14.13/go.mod h1:NyWgC/yNuGj7Q9rpYnZvas74GogHl5/Z4A/KQRfk6bU=
golang.org/x/time v0.0.0-20220609170525-579cf78fd858 h1:Dpdu/EMxGMFgq0CeYMh4fazTD2vtlZRYE7wyynxJb9U=
golang.org/x/time v0.0.0-20220609170525-579cf78fd858/go.mod h1:tRJNPiyCQ0inRvYxbN9jk5I+vvW/OXSQhTDSoE431IQ=
